
Microsoft Visual Studio Solution File, Format Version 12.00
# Visual Studio Version 17
VisualStudioVersion = 17.4.33205.214
MinimumVisualStudioVersion = 10.0.40219.1
Project("{FAE04EC0-301F-11D3-BF4B-00C04F79EFBC}") = "Restaurant", "Restaurant\Restaurant.csproj", "{882716AF-9DF1-40BC-8140-BF74FE070890}"
EndProject
Global
	GlobalSection(SolutionConfigurationPlatforms) = preSolution
		Debug|Any CPU = Debug|Any CPU
		Release|Any CPU = Release|Any CPU
	EndGlobalSection
	GlobalSection(ProjectConfigurationPlatforms) = postSolution
		{882716AF-9DF1-40BC-8140-BF74FE070890}.Debug|Any CPU.ActiveCfg = Debug|Any CPU
		{882716AF-9DF1-40BC-8140-BF74FE070890}.Debug|Any CPU.Build.0 = Debug|Any CPU
		{882716AF-9DF1-40BC-8140-BF74FE070890}.Release|Any CPU.ActiveCfg = Release|Any CPU
		{882716AF-9DF1-40BC-8140-BF74FE070890}.Release|Any CPU.Build.0 = Release|Any CPU
	EndGlobalSection
	GlobalSection(SolutionProperties) = preSolution
		HideSolutionNode = FALSE
	EndGlobalSection
	GlobalSection(ExtensibilityGlobals) = postSolution
		SolutionGuid = {C6C4CBB9-06E9-4C4A-9AF2-65B90D124ED2}
	EndGlobalSection
EndGlobal
